
Microsoft Visual Studio Solution File, Format Version 12.00
# Visual Studio 15
VisualStudioVersion = 15.0.28307.106
MinimumVisualStudioVersion = 10.0.40219.1
Project("{FAE04EC0-301F-11D3-BF4B-00C04F79EFBC}") = "GetCDInfoConsole", "GetCDInfoConsole\GetCDInfoConsole.csproj", "{651DF5BC-3B62-4154-923F-82E2ADE4EB6B}"
EndProject
Global
	GlobalSection(SolutionConfigurationPlatforms) = preSolution
		Debug|Any CPU = Debug|Any CPU
		Release|Any CPU = Release|Any CPU
	EndGlobalSection
	GlobalSection(ProjectConfigurationPlatforms) = postSolution
		{651DF5BC-3B62-4154-923F-82E2ADE4EB6B}.Debug|Any CPU.ActiveCfg = Debug|Any CPU
		{651DF5BC-3B62-4154-923F-82E2ADE4EB6B}.Debug|Any CPU.Build.0 = Debug|Any CPU
		{651DF5BC-3B62-4154-923F-82E2ADE4EB6B}.Release|Any CPU.ActiveCfg = Release|Any CPU
		{651DF5BC-3B62-4154-923F-82E2ADE4EB6B}.Release|Any CPU.Build.0 = Release|Any CPU
	EndGlobalSection
	GlobalSection(SolutionProperties) = preSolution
		HideSolutionNode = FALSE
	EndGlobalSection
	GlobalSection(ExtensibilityGlobals) = postSolution
		SolutionGuid = {F8E21792-6A1A-4CEA-8989-5DF72B00B51A}
	EndGlobalSection
EndGlobal
